
Microsoft Visual Studio Solution File, Format Version 12.00
# Visual Studio Version 16
VisualStudioVersion = 16.0.32106.194
MinimumVisualStudioVersion = 10.0.40219.1
Project("{FAE04EC0-301F-11D3-BF4B-00C04F79EFBC}") = "MyQueueType", "MyQueue\MyQueueType.csproj", "{59AEA38B-79A0-40A7-916B-49DBCCAB48C2}"
EndProject
Project("{FAE04EC0-301F-11D3-BF4B-00C04F79EFBC}") = "MyQueueType.App", "MyQueueType.App\MyQueueType.App.csproj", "{42E921DB-6A17-4836-B481-415CA923EE7C}"
EndProject
Global
	GlobalSection(SolutionConfigurationPlatforms) = preSolution
		Debug|Any CPU = Debug|Any CPU
		Release|Any CPU = Release|Any CPU
	EndGlobalSection
	GlobalSection(ProjectConfigurationPlatforms) = postSolution
		{59AEA38B-79A0-40A7-916B-49DBCCAB48C2}.Debug|Any CPU.ActiveCfg = Debug|Any CPU
		{59AEA38B-79A0-40A7-916B-49DBCCAB48C2}.Debug|Any CPU.Build.0 = Debug|Any CPU
		{59AEA38B-79A0-40A7-916B-49DBCCAB48C2}.Release|Any CPU.ActiveCfg = Release|Any CPU
		{59AEA38B-79A0-40A7-916B-49DBCCAB48C2}.Release|Any CPU.Build.0 = Release|Any CPU
		{42E921DB-6A17-4836-B481-415CA923EE7C}.Debug|Any CPU.ActiveCfg = Debug|Any CPU
		{42E921DB-6A17-4836-B481-415CA923EE7C}.Debug|Any CPU.Build.0 = Debug|Any CPU
		{42E921DB-6A17-4836-B481-415CA923EE7C}.Release|Any CPU.ActiveCfg = Release|Any CPU
		{42E921DB-6A17-4836-B481-415CA923EE7C}.Release|Any CPU.Build.0 = Release|Any CPU
	EndGlobalSection
	GlobalSection(SolutionProperties) = preSolution
		HideSolutionNode = FALSE
	EndGlobalSection
	GlobalSection(ExtensibilityGlobals) = postSolution
		SolutionGuid = {03D745A0-404E-40FE-8DC9-01289179B086}
	EndGlobalSection
EndGlobal
